
Microsoft Visual Studio Solution File, Format Version 12.00
# Visual Studio 15
VisualStudioVersion = 15.0.26730.16
MinimumVisualStudioVersion = 10.0.40219.1
Project("{FAE04EC0-301F-11D3-BF4B-00C04F79EFBC}") = "TagsCloudGenerator", "TagsCloudGenerator\TagsCloudGenerator.csproj", "{A24DF51D-99F6-45EC-A7FB-129D3876255F}"
EndProject
Project("{FAE04EC0-301F-11D3-BF4B-00C04F79EFBC}") = "TagsCloudGenerator.Tests", "TagsCloudGenerator.Tests\TagsCloudGenerator.Tests.csproj", "{CEE923A7-AAE3-49C9-BBB9-3FBCA2349A27}"
EndProject
Project("{FAE04EC0-301F-11D3-BF4B-00C04F79EFBC}") = "TagsCloudGenerator.ConsoleApp", "TagsCloudGenerator.ConsoleApp\TagsCloudGenerator.ConsoleApp.csproj", "{5D00F8BC-5388-463E-A824-519C902FFC5D}"
EndProject
Global
	GlobalSection(SolutionConfigurationPlatforms) = preSolution
		Debug|Any CPU = Debug|Any CPU
		Release|Any CPU = Release|Any CPU
	EndGlobalSection
	GlobalSection(ProjectConfigurationPlatforms) = postSolution
		{A24DF51D-99F6-45EC-A7FB-129D3876255F}.Debug|Any CPU.ActiveCfg = Debug|Any CPU
		{A24DF51D-99F6-45EC-A7FB-129D3876255F}.Debug|Any CPU.Build.0 = Debug|Any CPU
		{A24DF51D-99F6-45EC-A7FB-129D3876255F}.Release|Any CPU.ActiveCfg = Release|Any CPU
		{A24DF51D-99F6-45EC-A7FB-129D3876255F}.Release|Any CPU.Build.0 = Release|Any CPU
		{CEE923A7-AAE3-49C9-BBB9-3FBCA2349A27}.Debug|Any CPU.ActiveCfg = Debug|Any CPU
		{CEE923A7-AAE3-49C9-BBB9-3FBCA2349A27}.Debug|Any CPU.Build.0 = Debug|Any CPU
		{CEE923A7-AAE3-49C9-BBB9-3FBCA2349A27}.Release|Any CPU.ActiveCfg = Release|Any CPU
		{CEE923A7-AAE3-49C9-BBB9-3FBCA2349A27}.Release|Any CPU.Build.0 = Release|Any CPU
		{5D00F8BC-5388-463E-A824-519C902FFC5D}.Debug|Any CPU.ActiveCfg = Debug|Any CPU
		{5D00F8BC-5388-463E-A824-519C902FFC5D}.Debug|Any CPU.Build.0 = Debug|Any CPU
		{5D00F8BC-5388-463E-A824-519C902FFC5D}.Release|Any CPU.ActiveCfg = Release|Any CPU
		{5D00F8BC-5388-463E-A824-519C902FFC5D}.Release|Any CPU.Build.0 = Release|Any CPU
	EndGlobalSection
	GlobalSection(SolutionProperties) = preSolution
		HideSolutionNode = FALSE
	EndGlobalSection
	GlobalSection(ExtensibilityGlobals) = postSolution
		SolutionGuid = {B5CC6352-BCD2-485F-80A7-DDDD09D73B91}
	EndGlobalSection
EndGlobal
